// !$*UTF8*$!
{
	archiveVersion = 1;
	classes = {
	};
	objectVersion = 56;
	objects = {

/* Begin PBXBuildFile section */
		8022A4EB29A207B400041D72 /* VK_ClientApp.swift in Sources */ = {isa = PBXBuildFile; fileRef = 8022A4EA29A207B400041D72 /* VK_ClientApp.swift */; };
		8022A4ED29A207B400041D72 /* ContentView.swift in Sources */ = {isa = PBXBuildFile; fileRef = 8022A4EC29A207B400041D72 /* ContentView.swift */; };
		8022A4EF29A207B500041D72 /* Assets.xcassets in Resources */ = {isa = PBXBuildFile; fileRef = 8022A4EE29A207B500041D72 /* Assets.xcassets */; };
		8022A4F229A207B500041D72 /* Preview Assets.xcassets in Resources */ = {isa = PBXBuildFile; fileRef = 8022A4F129A207B500041D72 /* Preview Assets.xcassets */; };
		8022A4F429A207B500041D72 /* Persistence.swift in Sources */ = {isa = PBXBuildFile; fileRef = 8022A4F329A207B500041D72 /* Persistence.swift */; };
		8022A4F729A207B500041D72 /* VK_Client.xcdatamodeld in Sources */ = {isa = PBXBuildFile; fileRef = 8022A4F529A207B500041D72 /* VK_Client.xcdatamodeld */; };
		8022A50129A207B500041D72 /* VK_ClientTests.swift in Sources */ = {isa = PBXBuildFile; fileRef = 8022A50029A207B500041D72 /* VK_ClientTests.swift */; };
		808444D829A20C190023AFCF /* WebPageView.swift in Sources */ = {isa = PBXBuildFile; fileRef = 808444D729A20C190023AFCF /* WebPageView.swift */; };
		808444DA29A210880023AFCF /* LoginView.swift in Sources */ = {isa = PBXBuildFile; fileRef = 808444D929A210880023AFCF /* LoginView.swift */; };
		808444DC29A21FBA0023AFCF /* LoginViewModel.swift in Sources */ = {isa = PBXBuildFile; fileRef = 808444DB29A21FBA0023AFCF /* LoginViewModel.swift */; };
		808444DE29A221890023AFCF /* AppView.swift in Sources */ = {isa = PBXBuildFile; fileRef = 808444DD29A221890023AFCF /* AppView.swift */; };
/* End PBXBuildFile section */

/* Begin PBXContainerItemProxy section */
		8022A4FD29A207B500041D72 /* PBXContainerItemProxy */ = {
			isa = PBXContainerItemProxy;
			containerPortal = 8022A4DF29A207B400041D72 /* Project object */;
			proxyType = 1;
			remoteGlobalIDString = 8022A4E629A207B400041D72;
			remoteInfo = VK_Client;
		};
		8022A50729A207B500041D72 /* PBXContainerItemProxy */ = {
			isa = PBXContainerItemProxy;
			containerPortal = 8022A4DF29A207B400041D72 /* Project object */;
			proxyType = 1;
			remoteGlobalIDString = 8022A4E629A207B400041D72;
			remoteInfo = VK_Client;
		};
/* End PBXContainerItemProxy section */

/* Begin PBXFileReference section */
		8022A4E729A207B400041D72 /* VK_Client.app */ = {isa = PBXFileReference; explicitFileType = wrapper.application; includeInIndex = 0; path = VK_Client.app; sourceTree = BUILT_PRODUCTS_DIR; };
		8022A4EA29A207B400041D72 /* VK_ClientApp.swift */ = {isa = PBXFileReference; lastKnownFileType = sourcecode.swift; path = VK_ClientApp.swift; sourceTree = "<group>"; };
		8022A4EC29A207B400041D72 /* ContentView.swift */ = {isa = PBXFileReference; lastKnownFileType = sourcecode.swift; path = ContentView.swift; sourceTree = "<group>"; };
		8022A4EE29A207B500041D72 /* Assets.xcassets */ = {isa = PBXFileReference; lastKnownFileType = folder.assetcatalog; path = Assets.xcassets; sourceTree = "<group>"; };
		8022A4F129A207B500041D72 /* Preview Assets.xcassets */ = {isa = PBXFileReference; lastKnownFileType = folder.assetcatalog; path = "Preview Assets.xcassets"; sourceTree = "<group>"; };
		8022A4F329A207B500041D72 /* Persistence.swift */ = {isa = PBXFileReference; lastKnownFileType = sourcecode.swift; path = Persistence.swift; sourceTree = "<group>"; };
		8022A4F629A207B500041D72 /* VK_Client.xcdatamodel */ = {isa = PBXFileReference; lastKnownFileType = wrapper.xcdatamodel; path = VK_Client.xcdatamodel; sourceTree = "<group>"; };
		8022A4FC29A207B500041D72 /* VK_ClientTests.xctest */ = {isa = PBXFileReference; explicitFileType = wrapper.cfbundle; includeInIndex = 0; path = VK_ClientTests.xctest; sourceTree = BUILT_PRODUCTS_DIR; };
		8022A50029A207B500041D72 /* VK_ClientTests.swift */ = {isa = PBXFileReference; lastKnownFileType = sourcecode.swift; path = VK_ClientTests.swift; sourceTree = "<group>"; };
		8022A50629A207B500041D72 /* VK_ClientUITests.xctest */ = {isa = PBXFileReference; explicitFileType = wrapper.cfbundle; includeInIndex = 0; path = VK_ClientUITests.xctest; sourceTree = BUILT_PRODUCTS_DIR; };
		808444D729A20C190023AFCF /* WebPageView.swift */ = {isa = PBXFileReference; lastKnownFileType = sourcecode.swift; path = WebPageView.swift; sourceTree = "<group>"; };
		808444D929A210880023AFCF /* LoginView.swift */ = {isa = PBXFileReference; lastKnownFileType = sourcecode.swift; path = LoginView.swift; sourceTree = "<group>"; };
		808444DB29A21FBA0023AFCF /* LoginViewModel.swift */ = {isa = PBXFileReference; lastKnownFileType = sourcecode.swift; path = LoginViewModel.swift; sourceTree = "<group>"; };
		808444DD29A221890023AFCF /* AppView.swift */ = {isa = PBXFileReference; lastKnownFileType = sourcecode.swift; path = AppView.swift; sourceTree = "<group>"; };
/* End PBXFileReference section */

/* Begin PBXFrameworksBuildPhase section */
		8022A4E429A207B400041D72 /* Frameworks */ = {
			isa = PBXFrameworksBuildPhase;
			buildActionMask = 2147483647;
			files = (
			);
			runOnlyForDeploymentPostprocessing = 0;
		};
		8022A4F929A207B500041D72 /* Frameworks */ = {
			isa = PBXFrameworksBuildPhase;
			buildActionMask = 2147483647;
			files = (
			);
			runOnlyForDeploymentPostprocessing = 0;
		};
		8022A50329A207B500041D72 /* Frameworks */ = {
			isa = PBXFrameworksBuildPhase;
			buildActionMask = 2147483647;
			files = (
			);
			runOnlyForDeploymentPostprocessing = 0;
		};
/* End PBXFrameworksBuildPhase section */

/* Begin PBXGroup section */
		8022A4DE29A207B400041D72 = {
			isa = PBXGroup;
			children = (
				8022A4E929A207B400041D72 /* VK_Client */,
				8022A4FF29A207B500041D72 /* VK_ClientTests */,
				8022A4E829A207B400041D72 /* Products */,
			);
			sourceTree = "<group>";
		};
		8022A4E829A207B400041D72 /* Products */ = {
			isa = PBXGroup;
			children = (
				8022A4E729A207B400041D72 /* VK_Client.app */,
				8022A4FC29A207B500041D72 /* VK_ClientTests.xctest */,
				8022A50629A207B500041D72 /* VK_ClientUITests.xctest */,
			);
			name = Products;
			sourceTree = "<group>";
		};
		8022A4E929A207B400041D72 /* VK_Client */ = {
			isa = PBXGroup;
			children = (
				8022A4EA29A207B400041D72 /* VK_ClientApp.swift */,
				8022A4EE29A207B500041D72 /* Assets.xcassets */,
				808444D329A208080023AFCF /* Model */,
				808444D429A2080E0023AFCF /* ViewModel */,
				808444D529A2081E0023AFCF /* View */,
			);
			path = VK_Client;
			sourceTree = "<group>";
		};
		8022A4F029A207B500041D72 /* Preview Content */ = {
			isa = PBXGroup;
			children = (
				8022A4F129A207B500041D72 /* Preview Assets.xcassets */,
			);
			path = "Preview Content";
			sourceTree = "<group>";
		};
		8022A4FF29A207B500041D72 /* VK_ClientTests */ = {
			isa = PBXGroup;
			children = (
				8022A50029A207B500041D72 /* VK_ClientTests.swift */,
			);
			path = VK_ClientTests;
			sourceTree = "<group>";
		};
		808444D329A208080023AFCF /* Model */ = {
			isa = PBXGroup;
			children = (
				808444D629A208320023AFCF /* Storage */,
			);
			path = Model;
			sourceTree = "<group>";
		};
		808444D429A2080E0023AFCF /* ViewModel */ = {
			isa = PBXGroup;
			children = (
				808444DB29A21FBA0023AFCF /* LoginViewModel.swift */,
			);
			path = ViewModel;
			sourceTree = "<group>";
		};
		808444D529A2081E0023AFCF /* View */ = {
			isa = PBXGroup;
			children = (
				8022A4EC29A207B400041D72 /* ContentView.swift */,
				8022A4F029A207B500041D72 /* Preview Content */,
				808444D729A20C190023AFCF /* WebPageView.swift */,
				808444D929A210880023AFCF /* LoginView.swift */,
				808444DD29A221890023AFCF /* AppView.swift */,
			);
			path = View;
			sourceTree = "<group>";
		};
		808444D629A208320023AFCF /* Storage */ = {
			isa = PBXGroup;
			children = (
				8022A4F329A207B500041D72 /* Persistence.swift */,
				8022A4F529A207B500041D72 /* VK_Client.xcdatamodeld */,
			);
			path = Storage;
			sourceTree = "<group>";
		};
/* End PBXGroup section */

/* Begin PBXNativeTarget section */
		8022A4E629A207B400041D72 /* VK_Client */ = {
			isa = PBXNativeTarget;
			buildConfigurationList = 8022A51029A207B500041D72 /* Build configuration list for PBXNativeTarget "VK_Client" */;
			buildPhases = (
				8022A4E329A207B400041D72 /* Sources */,
				8022A4E429A207B400041D72 /* Frameworks */,
				8022A4E529A207B400041D72 /* Resources */,
			);
			buildRules = (
			);
			dependencies = (
			);
			name = VK_Client;
			productName = VK_Client;
			productReference = 8022A4E729A207B400041D72 /* VK_Client.app */;
			productType = "com.apple.product-type.application";
		};
		8022A4FB29A207B500041D72 /* VK_ClientTests */ = {
			isa = PBXNativeTarget;
			buildConfigurationList = 8022A51329A207B500041D72 /* Build configuration list for PBXNativeTarget "VK_ClientTests" */;
			buildPhases = (
				8022A4F829A207B500041D72 /* Sources */,
				8022A4F929A207B500041D72 /* Frameworks */,
				8022A4FA29A207B500041D72 /* Resources */,
			);
			buildRules = (
			);
			dependencies = (
				8022A4FE29A207B500041D72 /* PBXTargetDependency */,
			);
			name = VK_ClientTests;
			productName = VK_ClientTests;
			productReference = 8022A4FC29A207B500041D72 /* VK_ClientTests.xctest */;
			productType = "com.apple.product-type.bundle.unit-test";
		};
		8022A50529A207B500041D72 /* VK_ClientUITests */ = {
			isa = PBXNativeTarget;
			buildConfigurationList = 8022A51629A207B500041D72 /* Build configuration list for PBXNativeTarget "VK_ClientUITests" */;
			buildPhases = (
				8022A50229A207B500041D72 /* Sources */,
				8022A50329A207B500041D72 /* Frameworks */,
				8022A50429A207B500041D72 /* Resources */,
			);
			buildRules = (
			);
			dependencies = (
				8022A50829A207B500041D72 /* PBXTargetDependency */,
			);
			name = VK_ClientUITests;
			productName = VK_ClientUITests;
			productReference = 8022A50629A207B500041D72 /* VK_ClientUITests.xctest */;
			productType = "com.apple.product-type.bundle.ui-testing";
		};
/* End PBXNativeTarget section */

/* Begin PBXProject section */
		8022A4DF29A207B400041D72 /* Project object */ = {
			isa = PBXProject;
			attributes = {
				BuildIndependentTargetsInParallel = 1;
				LastSwiftUpdateCheck = 1420;
				LastUpgradeCheck = 1420;
				TargetAttributes = {
					8022A4E629A207B400041D72 = {
						CreatedOnToolsVersion = 14.2;
					};
					8022A4FB29A207B500041D72 = {
						CreatedOnToolsVersion = 14.2;
						TestTargetID = 8022A4E629A207B400041D72;
					};
					8022A50529A207B500041D72 = {
						CreatedOnToolsVersion = 14.2;
						TestTargetID = 8022A4E629A207B400041D72;
					};
				};
			};
			buildConfigurationList = 8022A4E229A207B400041D72 /* Build configuration list for PBXProject "VK_Client" */;
			compatibilityVersion = "Xcode 14.0";
			developmentRegion = en;
			hasScannedForEncodings = 0;
			knownRegions = (
				en,
				Base,
			);
			mainGroup = 8022A4DE29A207B400041D72;
			productRefGroup = 8022A4E829A207B400041D72 /* Products */;
			projectDirPath = "";
			projectRoot = "";
			targets = (
				8022A4E629A207B400041D72 /* VK_Client */,
				8022A4FB29A207B500041D72 /* VK_ClientTests */,
				8022A50529A207B500041D72 /* VK_ClientUITests */,
			);
		};
/* End PBXProject section */

/* Begin PBXResourcesBuildPhase section */
		8022A4E529A207B400041D72 /* Resources */ = {
			isa = PBXResourcesBuildPhase;
			buildActionMask = 2147483647;
			files = (
				8022A4F229A207B500041D72 /* Preview Assets.xcassets in Resources */,
				8022A4EF29A207B500041D72 /* Assets.xcassets in Resources */,
			);
			runOnlyForDeploymentPostprocessing = 0;
		};
		8022A4FA29A207B500041D72 /* Resources */ = {
			isa = PBXResourcesBuildPhase;
			buildActionMask = 2147483647;
			files = (
			);
			runOnlyForDeploymentPostprocessing = 0;
		};
		8022A50429A207B500041D72 /* Resources */ = {
			isa = PBXResourcesBuildPhase;
			buildActionMask = 2147483647;
			files = (
			);
			runOnlyForDeploymentPostprocessing = 0;
		};
/* End PBXResourcesBuildPhase section */

/* Begin PBXSourcesBuildPhase section */
		8022A4E329A207B400041D72 /* Sources */ = {
			isa = PBXSourcesBuildPhase;
			buildActionMask = 2147483647;
			files = (
				808444DA29A210880023AFCF /* LoginView.swift in Sources */,
				8022A4F429A207B500041D72 /* Persistence.swift in Sources */,
				8022A4F729A207B500041D72 /* VK_Client.xcdatamodeld in Sources */,
				808444D829A20C190023AFCF /* WebPageView.swift in Sources */,
				808444DE29A221890023AFCF /* AppView.swift in Sources */,
				8022A4ED29A207B400041D72 /* ContentView.swift in Sources */,
				8022A4EB29A207B400041D72 /* VK_ClientApp.swift in Sources */,
				808444DC29A21FBA0023AFCF /* LoginViewModel.swift in Sources */,
			);
			runOnlyForDeploymentPostprocessing = 0;
		};
		8022A4F829A207B500041D72 /* Sources */ = {
			isa = PBXSourcesBuildPhase;
			buildActionMask = 2147483647;
			files = (
				8022A50129A207B500041D72 /* VK_ClientTests.swift in Sources */,
			);
			runOnlyForDeploymentPostprocessing = 0;
		};
		8022A50229A207B500041D72 /* Sources */ = {
			isa = PBXSourcesBuildPhase;
			buildActionMask = 2147483647;
			files = (
			);
			runOnlyForDeploymentPostprocessing = 0;
		};
/* End PBXSourcesBuildPhase section */

/* Begin PBXTargetDependency section */
		8022A4FE29A207B500041D72 /* PBXTargetDependency */ = {
			isa = PBXTargetDependency;
			target = 8022A4E629A207B400041D72 /* VK_Client */;
			targetProxy = 8022A4FD29A207B500041D72 /* PBXContainerItemProxy */;
		};
		8022A50829A207B500041D72 /* PBXTargetDependency */ = {
			isa = PBXTargetDependency;
			target = 8022A4E629A207B400041D72 /* VK_Client */;
			targetProxy = 8022A50729A207B500041D72 /* PBXContainerItemProxy */;
		};
/* End PBXTargetDependency section */

/* Begin XCBuildConfiguration section */
		8022A50E29A207B500041D72 /* Debug */ = {
			isa = XCBuildConfiguration;
			buildSettings = {
				ALWAYS_SEARCH_USER_PATHS = NO;
				CLANG_ANALYZER_NONNULL = YES;
				CLANG_ANALYZER_NUMBER_OBJECT_CONVERSION = YES_AGGRESSIVE;
				CLANG_CXX_LANGUAGE_STANDARD = "gnu++20";
				CLANG_ENABLE_MODULES = YES;
				CLANG_ENABLE_OBJC_ARC = YES;
				CLANG_ENABLE_OBJC_WEAK = YES;
				CLANG_WARN_BLOCK_CAPTURE_AUTORELEASING = YES;
				CLANG_WARN_BOOL_CONVERSION = YES;
				CLANG_WARN_COMMA = YES;
				CLANG_WARN_CONSTANT_CONVERSION = YES;
				CLANG_WARN_DEPRECATED_OBJC_IMPLEMENTATIONS = YES;
				CLANG_WARN_DIRECT_OBJC_ISA_USAGE = YES_ERROR;
				CLANG_WARN_DOCUMENTATION_COMMENTS = YES;
				CLANG_WARN_EMPTY_BODY = YES;
				CLANG_WARN_ENUM_CONVERSION = YES;
				CLANG_WARN_INFINITE_RECURSION = YES;
				CLANG_WARN_INT_CONVERSION = YES;
				CLANG_WARN_NON_LITERAL_NULL_CONVERSION = YES;
				CLANG_WARN_OBJC_IMPLICIT_RETAIN_SELF = YES;
				CLANG_WARN_OBJC_LITERAL_CONVERSION = YES;
				CLANG_WARN_OBJC_ROOT_CLASS = YES_ERROR;
				CLANG_WARN_QUOTED_INCLUDE_IN_FRAMEWORK_HEADER = YES;
				CLANG_WARN_RANGE_LOOP_ANALYSIS = YES;
				CLANG_WARN_STRICT_PROTOTYPES = YES;
				CLANG_WARN_SUSPICIOUS_MOVE = YES;
				CLANG_WARN_UNGUARDED_AVAILABILITY = YES_AGGRESSIVE;
				CLANG_WARN_UNREACHABLE_CODE = YES;
				CLANG_WARN__DUPLICATE_METHOD_MATCH = YES;
				COPY_PHASE_STRIP = NO;
				DEBUG_INFORMATION_FORMAT = dwarf;
				ENABLE_STRICT_OBJC_MSGSEND = YES;
				ENABLE_TESTABILITY = YES;
				GCC_C_LANGUAGE_STANDARD = gnu11;
				GCC_DYNAMIC_NO_PIC = NO;
				GCC_NO_COMMON_BLOCKS = YES;
				GCC_OPTIMIZATION_LEVEL = 0;
				GCC_PREPROCESSOR_DEFINITIONS = (
					"DEBUG=1",
					"$(inherited)",
				);
				GCC_WARN_64_TO_32_BIT_CONVERSION = YES;
				GCC_WARN_ABOUT_RETURN_TYPE = YES_ERROR;
				GCC_WARN_UNDECLARED_SELECTOR = YES;
				GCC_WARN_UNINITIALIZED_AUTOS = YES_AGGRESSIVE;
				GCC_WARN_UNUSED_FUNCTION = YES;
				GCC_WARN_UNUSED_VARIABLE = YES;
				IPHONEOS_DEPLOYMENT_TARGET = 16.2;
				MTL_ENABLE_DEBUG_INFO = INCLUDE_SOURCE;
				MTL_FAST_MATH = YES;
				ONLY_ACTIVE_ARCH = YES;
				SDKROOT = iphoneos;
				SWIFT_ACTIVE_COMPILATION_CONDITIONS = DEBUG;
				SWIFT_OPTIMIZATION_LEVEL = "-Onone";
			};
			name = Debug;
		};
		8022A50F29A207B500041D72 /* Release */ = {
			isa = XCBuildConfiguration;
			buildSettings = {
				ALWAYS_SEARCH_USER_PATHS = NO;
				CLANG_ANALYZER_NONNULL = YES;
				CLANG_ANALYZER_NUMBER_OBJECT_CONVERSION = YES_AGGRESSIVE;
				CLANG_CXX_LANGUAGE_STANDARD = "gnu++20";
				CLANG_ENABLE_MODULES = YES;
				CLANG_ENABLE_OBJC_ARC = YES;
				CLANG_ENABLE_OBJC_WEAK = YES;
				CLANG_WARN_BLOCK_CAPTURE_AUTORELEASING = YES;
				CLANG_WARN_BOOL_CONVERSION = YES;
				CLANG_WARN_COMMA = YES;
				CLANG_WARN_CONSTANT_CONVERSION = YES;
				CLANG_WARN_DEPRECATED_OBJC_IMPLEMENTATIONS = YES;
				CLANG_WARN_DIRECT_OBJC_ISA_USAGE = YES_ERROR;
				CLANG_WARN_DOCUMENTATION_COMMENTS = YES;
				CLANG_WARN_EMPTY_BODY = YES;
				CLANG_WARN_ENUM_CONVERSION = YES;
				CLANG_WARN_INFINITE_RECURSION = YES;
				CLANG_WARN_INT_CONVERSION = YES;
				CLANG_WARN_NON_LITERAL_NULL_CONVERSION = YES;
				CLANG_WARN_OBJC_IMPLICIT_RETAIN_SELF = YES;
				CLANG_WARN_OBJC_LITERAL_CONVERSION = YES;
				CLANG_WARN_OBJC_ROOT_CLASS = YES_ERROR;
				CLANG_WARN_QUOTED_INCLUDE_IN_FRAMEWORK_HEADER = YES;
				CLANG_WARN_RANGE_LOOP_ANALYSIS = YES;
				CLANG_WARN_STRICT_PROTOTYPES = YES;
				CLANG_WARN_SUSPICIOUS_MOVE = YES;
				CLANG_WARN_UNGUARDED_AVAILABILITY = YES_AGGRESSIVE;
				CLANG_WARN_UNREACHABLE_CODE = YES;
				CLANG_WARN__DUPLICATE_METHOD_MATCH = YES;
				COPY_PHASE_STRIP = NO;
				DEBUG_INFORMATION_FORMAT = "dwarf-with-dsym";
				ENABLE_NS_ASSERTIONS = NO;
				ENABLE_STRICT_OBJC_MSGSEND = YES;
				GCC_C_LANGUAGE_STANDARD = gnu11;
				GCC_NO_COMMON_BLOCKS = YES;
				GCC_WARN_64_TO_32_BIT_CONVERSION = YES;
				GCC_WARN_ABOUT_RETURN_TYPE = YES_ERROR;
				GCC_WARN_UNDECLARED_SELECTOR = YES;
				GCC_WARN_UNINITIALIZED_AUTOS = YES_AGGRESSIVE;
				GCC_WARN_UNUSED_FUNCTION = YES;
				GCC_WARN_UNUSED_VARIABLE = YES;
				IPHONEOS_DEPLOYMENT_TARGET = 16.2;
				MTL_ENABLE_DEBUG_INFO = NO;
				MTL_FAST_MATH = YES;
				SDKROOT = iphoneos;
				SWIFT_COMPILATION_MODE = wholemodule;
				SWIFT_OPTIMIZATION_LEVEL = "-O";
				VALIDATE_PRODUCT = YES;
			};
			name = Release;
		};
		8022A51129A207B500041D72 /* Debug */ = {
			isa = XCBuildConfiguration;
			buildSettings = {
				ASSETCATALOG_COMPILER_APPICON_NAME = AppIcon;
				ASSETCATALOG_COMPILER_GLOBAL_ACCENT_COLOR_NAME = AccentColor;
				CODE_SIGN_STYLE = Automatic;
				CURRENT_PROJECT_VERSION = 1;
				DEVELOPMENT_ASSET_PATHS = "\"VK_Client/View/Preview Content\"";
				DEVELOPMENT_TEAM = 47S9Q57UGQ;
				ENABLE_PREVIEWS = YES;
				GENERATE_INFOPLIST_FILE = YES;
				INFOPLIST_KEY_UIApplicationSceneManifest_Generation = YES;
				INFOPLIST_KEY_UIApplicationSupportsIndirectInputEvents = YES;
				INFOPLIST_KEY_UILaunchScreen_Generation = YES;
				INFOPLIST_KEY_UISupportedInterfaceOrientations_iPad = "UIInterfaceOrientationPortrait UIInterfaceOrientationPortraitUpsideDown UIInterfaceOrientationLandscapeLeft UIInterfaceOrientationLandscapeRight";
				INFOPLIST_KEY_UISupportedInterfaceOrientations_iPhone = "UIInterfaceOrientationPortrait UIInterfaceOrientationLandscapeLeft UIInterfaceOrientationLandscapeRight";
				LD_RUNPATH_SEARCH_PATHS = (
					"$(inherited)",
					"@executable_path/Frameworks",
				);
				MARKETING_VERSION = 1.0;
				PRODUCT_BUNDLE_IDENTIFIER = "com.L-software.VK-Client";
				PRODUCT_NAME = "$(TARGET_NAME)";
				SWIFT_EMIT_LOC_STRINGS = YES;
				SWIFT_VERSION = 5.0;
				TARGETED_DEVICE_FAMILY = "1,2";
			};
			name = Debug;
		};
		8022A51229A207B500041D72 /* Release */ = {
			isa = XCBuildConfiguration;
			buildSettings = {
				ASSETCATALOG_COMPILER_APPICON_NAME = AppIcon;
				ASSETCATALOG_COMPILER_GLOBAL_ACCENT_COLOR_NAME = AccentColor;
				CODE_SIGN_STYLE = Automatic;
				CURRENT_PROJECT_VERSION = 1;
				DEVELOPMENT_ASSET_PATHS = "\"VK_Client/View/Preview Content\"";
				DEVELOPMENT_TEAM = 47S9Q57UGQ;
				ENABLE_PREVIEWS = YES;
				GENERATE_INFOPLIST_FILE = YES;
				INFOPLIST_KEY_UIApplicationSceneManifest_Generation = YES;
				INFOPLIST_KEY_UIApplicationSupportsIndirectInputEvents = YES;
				INFOPLIST_KEY_UILaunchScreen_Generation = YES;
				INFOPLIST_KEY_UISupportedInterfaceOrientations_iPad = "UIInterfaceOrientationPortrait UIInterfaceOrientationPortraitUpsideDown UIInterfaceOrientationLandscapeLeft UIInterfaceOrientationLandscapeRight";
				INFOPLIST_KEY_UISupportedInterfaceOrientations_iPhone = "UIInterfaceOrientationPortrait UIInterfaceOrientationLandscapeLeft UIInterfaceOrientationLandscapeRight";
				LD_RUNPATH_SEARCH_PATHS = (
					"$(inherited)",
					"@executable_path/Frameworks",
				);
				MARKETING_VERSION = 1.0;
				PRODUCT_BUNDLE_IDENTIFIER = "com.L-software.VK-Client";
				PRODUCT_NAME = "$(TARGET_NAME)";
				SWIFT_EMIT_LOC_STRINGS = YES;
				SWIFT_VERSION = 5.0;
				TARGETED_DEVICE_FAMILY = "1,2";
			};
			name = Release;
		};
		8022A51429A207B500041D72 /* Debug */ = {
			isa = XCBuildConfiguration;
			buildSettings = {
				ALWAYS_EMBED_SWIFT_STANDARD_LIBRARIES = YES;
				BUNDLE_LOADER = "$(TEST_HOST)";
				CODE_SIGN_STYLE = Automatic;
				CURRENT_PROJECT_VERSION = 1;
				DEVELOPMENT_TEAM = 47S9Q57UGQ;
				GENERATE_INFOPLIST_FILE = YES;
				IPHONEOS_DEPLOYMENT_TARGET = 16.2;
				MARKETING_VERSION = 1.0;
				PRODUCT_BUNDLE_IDENTIFIER = "com.L-software.VK-ClientTests";
				PRODUCT_NAME = "$(TARGET_NAME)";
				SWIFT_EMIT_LOC_STRINGS = NO;
				SWIFT_VERSION = 5.0;
				TARGETED_DEVICE_FAMILY = "1,2";
				TEST_HOST = "$(BUILT_PRODUCTS_DIR)/VK_Client.app/$(BUNDLE_EXECUTABLE_FOLDER_PATH)/VK_Client";
			};
			name = Debug;
		};
		8022A51529A207B500041D72 /* Release */ = {
			isa = XCBuildConfiguration;
			buildSettings = {
				ALWAYS_EMBED_SWIFT_STANDARD_LIBRARIES = YES;
				BUNDLE_LOADER = "$(TEST_HOST)";
				CODE_SIGN_STYLE = Automatic;
				CURRENT_PROJECT_VERSION = 1;
				DEVELOPMENT_TEAM = 47S9Q57UGQ;
				GENERATE_INFOPLIST_FILE = YES;
				IPHONEOS_DEPLOYMENT_TARGET = 16.2;
				MARKETING_VERSION = 1.0;
				PRODUCT_BUNDLE_IDENTIFIER = "com.L-software.VK-ClientTests";
				PRODUCT_NAME = "$(TARGET_NAME)";
				SWIFT_EMIT_LOC_STRINGS = NO;
				SWIFT_VERSION = 5.0;
				TARGETED_DEVICE_FAMILY = "1,2";
				TEST_HOST = "$(BUILT_PRODUCTS_DIR)/VK_Client.app/$(BUNDLE_EXECUTABLE_FOLDER_PATH)/VK_Client";
			};
			name = Release;
		};
		8022A51729A207B500041D72 /* Debug */ = {
			isa = XCBuildConfiguration;
			buildSettings = {
				ALWAYS_EMBED_SWIFT_STANDARD_LIBRARIES = YES;
				CODE_SIGN_STYLE = Automatic;
				CURRENT_PROJECT_VERSION = 1;
				DEVELOPMENT_TEAM = 47S9Q57UGQ;
				GENERATE_INFOPLIST_FILE = YES;
				MARKETING_VERSION = 1.0;
				PRODUCT_BUNDLE_IDENTIFIER = "com.L-software.VK-ClientUITests";
				PRODUCT_NAME = "$(TARGET_NAME)";
				SWIFT_EMIT_LOC_STRINGS = NO;
				SWIFT_VERSION = 5.0;
				TARGETED_DEVICE_FAMILY = "1,2";
				TEST_TARGET_NAME = VK_Client;
			};
			name = Debug;
		};
		8022A51829A207B500041D72 /* Release */ = {
			isa = XCBuildConfiguration;
			buildSettings = {
				ALWAYS_EMBED_SWIFT_STANDARD_LIBRARIES = YES;
				CODE_SIGN_STYLE = Automatic;
				CURRENT_PROJECT_VERSION = 1;
				DEVELOPMENT_TEAM = 47S9Q57UGQ;
				GENERATE_INFOPLIST_FILE = YES;
				MARKETING_VERSION = 1.0;
				PRODUCT_BUNDLE_IDENTIFIER = "com.L-software.VK-ClientUITests";
				PRODUCT_NAME = "$(TARGET_NAME)";
				SWIFT_EMIT_LOC_STRINGS = NO;
				SWIFT_VERSION = 5.0;
				TARGETED_DEVICE_FAMILY = "1,2";
				TEST_TARGET_NAME = VK_Client;
			};
			name = Release;
		};
/* End XCBuildConfiguration section */

/* Begin XCConfigurationList section */
		8022A4E229A207B400041D72 /* Build configuration list for PBXProject "VK_Client" */ = {
			isa = XCConfigurationList;
			buildConfigurations = (
				8022A50E29A207B500041D72 /* Debug */,
				8022A50F29A207B500041D72 /* Release */,
			);
			defaultConfigurationIsVisible = 0;
			defaultConfigurationName = Release;
		};
		8022A51029A207B500041D72 /* Build configuration list for PBXNativeTarget "VK_Client" */ = {
			isa = XCConfigurationList;
			buildConfigurations = (
				8022A51129A207B500041D72 /* Debug */,
				8022A51229A207B500041D72 /* Release */,
			);
			defaultConfigurationIsVisible = 0;
			defaultConfigurationName = Release;
		};
		8022A51329A207B500041D72 /* Build configuration list for PBXNativeTarget "VK_ClientTests" */ = {
			isa = XCConfigurationList;
			buildConfigurations = (
				8022A51429A207B500041D72 /* Debug */,
				8022A51529A207B500041D72 /* Release */,
			);
			defaultConfigurationIsVisible = 0;
			defaultConfigurationName = Release;
		};
		8022A51629A207B500041D72 /* Build configuration list for PBXNativeTarget "VK_ClientUITests" */ = {
			isa = XCConfigurationList;
			buildConfigurations = (
				8022A51729A207B500041D72 /* Debug */,
				8022A51829A207B500041D72 /* Release */,
			);
			defaultConfigurationIsVisible = 0;
			defaultConfigurationName = Release;
		};
/* End XCConfigurationList section */

/* Begin XCVersionGroup section */
		8022A4F529A207B500041D72 /* VK_Client.xcdatamodeld */ = {
			isa = XCVersionGroup;
			children = (
				8022A4F629A207B500041D72 /* VK_Client.xcdatamodel */,
			);
			currentVersion = 8022A4F629A207B500041D72 /* VK_Client.xcdatamodel */;
			path = VK_Client.xcdatamodeld;
			sourceTree = "<group>";
			versionGroupType = wrapper.xcdatamodel;
		};
/* End XCVersionGroup section */
	};
	rootObject = 8022A4DF29A207B400041D72 /* Project object */;
}
